
Microsoft Visual Studio Solution File, Format Version 12.00
# Visual Studio 15
VisualStudioVersion = 15.0.27130.2026
MinimumVisualStudioVersion = 10.0.40219.1
Project("{FAE04EC0-301F-11D3-BF4B-00C04F79EFBC}") = "PdmVaultBrowser", "PdmVaultBrowser.csproj", "{ADB06E99-0C3D-41E3-A66E-A39F9F0A13D7}"
EndProject
Global
	GlobalSection(SolutionConfigurationPlatforms) = preSolution
		Debug|Any CPU = Debug|Any CPU
		Release|Any CPU = Release|Any CPU
	EndGlobalSection
	GlobalSection(ProjectConfigurationPlatforms) = postSolution
		{ADB06E99-0C3D-41E3-A66E-A39F9F0A13D7}.Debug|Any CPU.ActiveCfg = Debug|Any CPU
		{ADB06E99-0C3D-41E3-A66E-A39F9F0A13D7}.Debug|Any CPU.Build.0 = Debug|Any CPU
		{ADB06E99-0C3D-41E3-A66E-A39F9F0A13D7}.Release|Any CPU.ActiveCfg = Release|Any CPU
		{ADB06E99-0C3D-41E3-A66E-A39F9F0A13D7}.Release|Any CPU.Build.0 = Release|Any CPU
	EndGlobalSection
	GlobalSection(SolutionProperties) = preSolution
		HideSolutionNode = FALSE
	EndGlobalSection
	GlobalSection(ExtensibilityGlobals) = postSolution
		SolutionGuid = {C28398A8-D6A4-41E8-ABD5-0135D5A73D60}
	EndGlobalSection
EndGlobal
